{
  "name": "@silyze/async-pipe",
  "version": "1.0.0",
  "lockfileVersion": 3,
  "requires": true,
  "packages": {
    "": {
      "name": "@silyze/async-pipe",
      "version": "1.0.0",
      "license": "MIT",
      "dependencies": {
        "@mojsoski/assert": "^1.0.0",
        "@mojsoski/async-stream": "^1.0.0"
      },
      "devDependencies": {
        "typescript": "^5.8.3"
      }
    },
    "node_modules/@mojsoski/assert": {
      "version": "1.0.0",
      "resolved": "https://registry.npmjs.org/@mojsoski/assert/-/assert-1.0.0.tgz",
      "integrity": "sha512-v/LdNGr8As34sKnXTZYoBkYd11nawY5qWWXQ252iQy2eaK0atcs+IHJofLEOvzCXU+tsbSpLGNHQG8h8W8fRyg==",
      "license": "MIT"
    },
    "node_modules/@mojsoski/async-stream": {
      "version": "1.0.0",
      "resolved": "https://registry.npmjs.org/@mojsoski/async-stream/-/async-stream-1.0.0.tgz",
      "integrity": "sha512-FcMClD4nBVnJJt9Ti6/KBIqeXB6BzbvFyveRug374ceRYepwL6kl2kaZQiTHyFpMb6nTrBHXu41W6hgKKGAUug==",
      "license": "MIT"
    },
    "node_modules/typescript": {
      "version": "5.8.3",
      "resolved": "https://registry.npmjs.org/typescript/-/typescript-5.8.3.tgz",
      "integrity": "sha512-p1diW6TqL9L07nNxvRMM7hMMw4c5XOo/1ibL4aAIGmSAt9slTE1Xgw5KWuof2uTOvCg9BY7ZRi+GaF+7sfgPeQ==",
      "dev": true,
      "license": "Apache-2.0",
      "bin": {
        "tsc": "bin/tsc",
        "tsserver": "bin/tsserver"
      },
      "engines": {
        "node": ">=14.17"
      }
    }
  }
}
